
Microsoft Visual Studio Solution File, Format Version 12.00
# Visual Studio Version 17
VisualStudioVersion = 17.14.36109.1 d17.14
MinimumVisualStudioVersion = 10.0.40219.1
Project("{FAE04EC0-301F-11D3-BF4B-00C04F79EFBC}") = "CareNest_Image.API", "CareNest_Image.API\CareNest_Image.API.csproj", "{E511009A-C66C-434D-BAEA-9E41A2F6CF46}"
EndProject
Global
	GlobalSection(SolutionConfigurationPlatforms) = preSolution
		Debug|Any CPU = Debug|Any CPU
		Release|Any CPU = Release|Any CPU
	EndGlobalSection
	GlobalSection(ProjectConfigurationPlatforms) = postSolution
		{E511009A-C66C-434D-BAEA-9E41A2F6CF46}.Debug|Any CPU.ActiveCfg = Debug|Any CPU
		{E511009A-C66C-434D-BAEA-9E41A2F6CF46}.Debug|Any CPU.Build.0 = Debug|Any CPU
		{E511009A-C66C-434D-BAEA-9E41A2F6CF46}.Release|Any CPU.ActiveCfg = Release|Any CPU
		{E511009A-C66C-434D-BAEA-9E41A2F6CF46}.Release|Any CPU.Build.0 = Release|Any CPU
	EndGlobalSection
	GlobalSection(SolutionProperties) = preSolution
		HideSolutionNode = FALSE
	EndGlobalSection
	GlobalSection(ExtensibilityGlobals) = postSolution
		SolutionGuid = {3D845AC9-CB06-4167-AB16-E122ECA28297}
	EndGlobalSection
EndGlobal
